
Microsoft Visual Studio Solution File, Format Version 12.00
# Visual Studio Version 16
VisualStudioVersion = 16.0.30128.74
MinimumVisualStudioVersion = 10.0.40219.1
Project("{888888A0-9F3D-457C-B088-3A5042F75D52}") = "MiniGame", "MiniGame.pyproj", "{FCBC903E-DC16-4B47-8A33-EED429F5B7DA}"
EndProject
Global
	GlobalSection(SolutionConfigurationPlatforms) = preSolution
		Debug|Any CPU = Debug|Any CPU
		Release|Any CPU = Release|Any CPU
	EndGlobalSection
	GlobalSection(ProjectConfigurationPlatforms) = postSolution
		{FCBC903E-DC16-4B47-8A33-EED429F5B7DA}.Debug|Any CPU.ActiveCfg = Debug|Any CPU
		{FCBC903E-DC16-4B47-8A33-EED429F5B7DA}.Release|Any CPU.ActiveCfg = Release|Any CPU
	EndGlobalSection
	GlobalSection(SolutionProperties) = preSolution
		HideSolutionNode = FALSE
	EndGlobalSection
	GlobalSection(ExtensibilityGlobals) = postSolution
		SolutionGuid = {94D85F36-B266-4F93-9E7D-1C619FF0BCBF}
	EndGlobalSection
EndGlobal
